// !$*UTF8*$!
{
	archiveVersion = 1;
	classes = {
	};
	objectVersion = 56;
	objects = {

/* Begin PBXBuildFile section */
		D22C0FD72B7A312800211D62 /* PathFinder.swift in Sources */ = {isa = PBXBuildFile; fileRef = D22C0FD62B7A312800211D62 /* PathFinder.swift */; };
		D22C0FD92B7A811900211D62 /* PriorityQueue.swift in Sources */ = {isa = PBXBuildFile; fileRef = D22C0FD82B7A811900211D62 /* PriorityQueue.swift */; };
		D22E4B602B6BDE3300262FCB /* Room.swift in Sources */ = {isa = PBXBuildFile; fileRef = D22E4B5F2B6BDE3300262FCB /* Room.swift */; };
		D22E4B622B6BE1BC00262FCB /* Hallway.swift in Sources */ = {isa = PBXBuildFile; fileRef = D22E4B612B6BE1BC00262FCB /* Hallway.swift */; };
		D29493D92B87550D006B123F /* RoomPicker.swift in Sources */ = {isa = PBXBuildFile; fileRef = D29493D82B87550D006B123F /* RoomPicker.swift */; };
		D29493DC2B8780E0006B123F /* Inter-VariableFont_slnt,wght.ttf in Resources */ = {isa = PBXBuildFile; fileRef = D29493DB2B8780CC006B123F /* Inter-VariableFont_slnt,wght.ttf */; };
		D29493DF2B878E35006B123F /* Localizable.xcstrings in Resources */ = {isa = PBXBuildFile; fileRef = D29493DE2B878E35006B123F /* Localizable.xcstrings */; };
		D29493E22B879833006B123F /* Launch Screen.storyboard in Resources */ = {isa = PBXBuildFile; fileRef = D29493E12B879833006B123F /* Launch Screen.storyboard */; };
		D2A743002B6256B000D6F96F /* roomfinderApp.swift in Sources */ = {isa = PBXBuildFile; fileRef = D2A742FF2B6256B000D6F96F /* roomfinderApp.swift */; };
		D2A743022B6256B000D6F96F /* ContentView.swift in Sources */ = {isa = PBXBuildFile; fileRef = D2A743012B6256B000D6F96F /* ContentView.swift */; };
		D2A743042B6256B300D6F96F /* Assets.xcassets in Resources */ = {isa = PBXBuildFile; fileRef = D2A743032B6256B300D6F96F /* Assets.xcassets */; };
		D2A743072B6256B300D6F96F /* Preview Assets.xcassets in Resources */ = {isa = PBXBuildFile; fileRef = D2A743062B6256B300D6F96F /* Preview Assets.xcassets */; };
		D2EDDFEB2B7E4A7700C7DBD4 /* Graph.swift in Sources */ = {isa = PBXBuildFile; fileRef = D2EDDFEA2B7E4A7700C7DBD4 /* Graph.swift */; };
		D2EDDFEE2B7E4AA400C7DBD4 /* CGPointExtensions.swift in Sources */ = {isa = PBXBuildFile; fileRef = D2EDDFED2B7E4AA400C7DBD4 /* CGPointExtensions.swift */; };
		D2EDDFF02B7E4AEA00C7DBD4 /* Node.swift in Sources */ = {isa = PBXBuildFile; fileRef = D2EDDFEF2B7E4AEA00C7DBD4 /* Node.swift */; };
		D2EDDFF22B7E4B0000C7DBD4 /* Edge.swift in Sources */ = {isa = PBXBuildFile; fileRef = D2EDDFF12B7E4B0000C7DBD4 /* Edge.swift */; };
		D2EDDFF52B7E637800C7DBD4 /* PulsatingCircle.swift in Sources */ = {isa = PBXBuildFile; fileRef = D2EDDFF42B7E637800C7DBD4 /* PulsatingCircle.swift */; };
		D2EDDFF72B7E659900C7DBD4 /* FHNWNavigationBar.swift in Sources */ = {isa = PBXBuildFile; fileRef = D2EDDFF62B7E659900C7DBD4 /* FHNWNavigationBar.swift */; };
/* End PBXBuildFile section */

/* Begin PBXFileReference section */
		D22C0FD62B7A312800211D62 /* PathFinder.swift */ = {isa = PBXFileReference; lastKnownFileType = sourcecode.swift; path = PathFinder.swift; sourceTree = "<group>"; };
		D22C0FD82B7A811900211D62 /* PriorityQueue.swift */ = {isa = PBXFileReference; lastKnownFileType = sourcecode.swift; path = PriorityQueue.swift; sourceTree = "<group>"; };
		D22E4B5F2B6BDE3300262FCB /* Room.swift */ = {isa = PBXFileReference; lastKnownFileType = sourcecode.swift; path = Room.swift; sourceTree = "<group>"; };
		D22E4B612B6BE1BC00262FCB /* Hallway.swift */ = {isa = PBXFileReference; lastKnownFileType = sourcecode.swift; path = Hallway.swift; sourceTree = "<group>"; };
		D29493D82B87550D006B123F /* RoomPicker.swift */ = {isa = PBXFileReference; lastKnownFileType = sourcecode.swift; path = RoomPicker.swift; sourceTree = "<group>"; };
		D29493DB2B8780CC006B123F /* Inter-VariableFont_slnt,wght.ttf */ = {isa = PBXFileReference; lastKnownFileType = file; path = "Inter-VariableFont_slnt,wght.ttf"; sourceTree = "<group>"; };
		D29493DD2B87813C006B123F /* Info.plist */ = {isa = PBXFileReference; lastKnownFileType = text.plist; path = Info.plist; sourceTree = "<group>"; };
		D29493DE2B878E35006B123F /* Localizable.xcstrings */ = {isa = PBXFileReference; lastKnownFileType = text.json.xcstrings; path = Localizable.xcstrings; sourceTree = "<group>"; };
		D29493E12B879833006B123F /* Launch Screen.storyboard */ = {isa = PBXFileReference; lastKnownFileType = file.storyboard; path = "Launch Screen.storyboard"; sourceTree = "<group>"; };
		D2A742FC2B6256B000D6F96F /* roomfinder.app */ = {isa = PBXFileReference; explicitFileType = wrapper.application; includeInIndex = 0; path = roomfinder.app; sourceTree = BUILT_PRODUCTS_DIR; };
		D2A742FF2B6256B000D6F96F /* roomfinderApp.swift */ = {isa = PBXFileReference; lastKnownFileType = sourcecode.swift; path = roomfinderApp.swift; sourceTree = "<group>"; };
		D2A743012B6256B000D6F96F /* ContentView.swift */ = {isa = PBXFileReference; lastKnownFileType = sourcecode.swift; path = ContentView.swift; sourceTree = "<group>"; };
		D2A743032B6256B300D6F96F /* Assets.xcassets */ = {isa = PBXFileReference; lastKnownFileType = folder.assetcatalog; path = Assets.xcassets; sourceTree = "<group>"; };
		D2A743062B6256B300D6F96F /* Preview Assets.xcassets */ = {isa = PBXFileReference; lastKnownFileType = folder.assetcatalog; path = "Preview Assets.xcassets"; sourceTree = "<group>"; };
		D2EDDFEA2B7E4A7700C7DBD4 /* Graph.swift */ = {isa = PBXFileReference; lastKnownFileType = sourcecode.swift; path = Graph.swift; sourceTree = "<group>"; };
		D2EDDFED2B7E4AA400C7DBD4 /* CGPointExtensions.swift */ = {isa = PBXFileReference; lastKnownFileType = sourcecode.swift; path = CGPointExtensions.swift; sourceTree = "<group>"; };
		D2EDDFEF2B7E4AEA00C7DBD4 /* Node.swift */ = {isa = PBXFileReference; lastKnownFileType = sourcecode.swift; path = Node.swift; sourceTree = "<group>"; };
		D2EDDFF12B7E4B0000C7DBD4 /* Edge.swift */ = {isa = PBXFileReference; lastKnownFileType = sourcecode.swift; path = Edge.swift; sourceTree = "<group>"; };
		D2EDDFF42B7E637800C7DBD4 /* PulsatingCircle.swift */ = {isa = PBXFileReference; lastKnownFileType = sourcecode.swift; path = PulsatingCircle.swift; sourceTree = "<group>"; };
		D2EDDFF62B7E659900C7DBD4 /* FHNWNavigationBar.swift */ = {isa = PBXFileReference; lastKnownFileType = sourcecode.swift; path = FHNWNavigationBar.swift; sourceTree = "<group>"; };
/* End PBXFileReference section */

/* Begin PBXFrameworksBuildPhase section */
		D2A742F92B6256B000D6F96F /* Frameworks */ = {
			isa = PBXFrameworksBuildPhase;
			buildActionMask = 2147483647;
			files = (
			);
			runOnlyForDeploymentPostprocessing = 0;
		};
/* End PBXFrameworksBuildPhase section */

/* Begin PBXGroup section */
		D22E4B652B6BE1DA00262FCB /* Entities */ = {
			isa = PBXGroup;
			children = (
				D22E4B5F2B6BDE3300262FCB /* Room.swift */,
				D22E4B612B6BE1BC00262FCB /* Hallway.swift */,
				D22C0FD82B7A811900211D62 /* PriorityQueue.swift */,
				D2EDDFEA2B7E4A7700C7DBD4 /* Graph.swift */,
				D2EDDFEF2B7E4AEA00C7DBD4 /* Node.swift */,
				D2EDDFF12B7E4B0000C7DBD4 /* Edge.swift */,
			);
			path = Entities;
			sourceTree = "<group>";
		};
		D22E4B662B6BE24500262FCB /* HelperFunctions */ = {
			isa = PBXGroup;
			children = (
				D22C0FD62B7A312800211D62 /* PathFinder.swift */,
			);
			path = HelperFunctions;
			sourceTree = "<group>";
		};
		D29493DA2B878089006B123F /* Fonts */ = {
			isa = PBXGroup;
			children = (
				D29493DB2B8780CC006B123F /* Inter-VariableFont_slnt,wght.ttf */,
			);
			path = Fonts;
			sourceTree = "<group>";
		};
		D29493E02B878E46006B123F /* Localization */ = {
			isa = PBXGroup;
			children = (
				D29493DE2B878E35006B123F /* Localizable.xcstrings */,
			);
			path = Localization;
			sourceTree = "<group>";
		};
		D2A742F32B6256B000D6F96F = {
			isa = PBXGroup;
			children = (
				D2A742FE2B6256B000D6F96F /* roomfinder */,
				D2A742FD2B6256B000D6F96F /* Products */,
			);
			sourceTree = "<group>";
		};
		D2A742FD2B6256B000D6F96F /* Products */ = {
			isa = PBXGroup;
			children = (
				D2A742FC2B6256B000D6F96F /* roomfinder.app */,
			);
			name = Products;
			sourceTree = "<group>";
		};
		D2A742FE2B6256B000D6F96F /* roomfinder */ = {
			isa = PBXGroup;
			children = (
				D29493E12B879833006B123F /* Launch Screen.storyboard */,
				D29493E02B878E46006B123F /* Localization */,
				D29493DD2B87813C006B123F /* Info.plist */,
				D29493DA2B878089006B123F /* Fonts */,
				D2EDDFF32B7E636400C7DBD4 /* Views */,
				D2EDDFEC2B7E4A8C00C7DBD4 /* Extensions */,
				D22E4B662B6BE24500262FCB /* HelperFunctions */,
				D22E4B652B6BE1DA00262FCB /* Entities */,
				D2A742FF2B6256B000D6F96F /* roomfinderApp.swift */,
				D2A743012B6256B000D6F96F /* ContentView.swift */,
				D2A743032B6256B300D6F96F /* Assets.xcassets */,
				D2A743052B6256B300D6F96F /* Preview Content */,
			);
			path = roomfinder;
			sourceTree = "<group>";
		};
		D2A743052B6256B300D6F96F /* Preview Content */ = {
			isa = PBXGroup;
			children = (
				D2A743062B6256B300D6F96F /* Preview Assets.xcassets */,
			);
			path = "Preview Content";
			sourceTree = "<group>";
		};
		D2EDDFEC2B7E4A8C00C7DBD4 /* Extensions */ = {
			isa = PBXGroup;
			children = (
				D2EDDFED2B7E4AA400C7DBD4 /* CGPointExtensions.swift */,
			);
			path = Extensions;
			sourceTree = "<group>";
		};
		D2EDDFF32B7E636400C7DBD4 /* Views */ = {
			isa = PBXGroup;
			children = (
				D2EDDFF42B7E637800C7DBD4 /* PulsatingCircle.swift */,
				D2EDDFF62B7E659900C7DBD4 /* FHNWNavigationBar.swift */,
				D29493D82B87550D006B123F /* RoomPicker.swift */,
			);
			path = Views;
			sourceTree = "<group>";
		};
/* End PBXGroup section */

/* Begin PBXNativeTarget section */
		D2A742FB2B6256B000D6F96F /* roomfinder */ = {
			isa = PBXNativeTarget;
			buildConfigurationList = D2A7430A2B6256B300D6F96F /* Build configuration list for PBXNativeTarget "roomfinder" */;
			buildPhases = (
				D2A742F82B6256B000D6F96F /* Sources */,
				D2A742F92B6256B000D6F96F /* Frameworks */,
				D2A742FA2B6256B000D6F96F /* Resources */,
			);
			buildRules = (
			);
			dependencies = (
			);
			name = roomfinder;
			productName = roomfinder;
			productReference = D2A742FC2B6256B000D6F96F /* roomfinder.app */;
			productType = "com.apple.product-type.application";
		};
/* End PBXNativeTarget section */

/* Begin PBXProject section */
		D2A742F42B6256B000D6F96F /* Project object */ = {
			isa = PBXProject;
			attributes = {
				BuildIndependentTargetsInParallel = 1;
				LastSwiftUpdateCheck = 1520;
				LastUpgradeCheck = 1520;
				TargetAttributes = {
					D2A742FB2B6256B000D6F96F = {
						CreatedOnToolsVersion = 15.2;
					};
				};
			};
			buildConfigurationList = D2A742F72B6256B000D6F96F /* Build configuration list for PBXProject "roomfinder" */;
			compatibilityVersion = "Xcode 14.0";
			developmentRegion = en;
			hasScannedForEncodings = 0;
			knownRegions = (
				en,
				Base,
				de,
			);
			mainGroup = D2A742F32B6256B000D6F96F;
			productRefGroup = D2A742FD2B6256B000D6F96F /* Products */;
			projectDirPath = "";
			projectRoot = "";
			targets = (
				D2A742FB2B6256B000D6F96F /* roomfinder */,
			);
		};
/* End PBXProject section */

/* Begin PBXResourcesBuildPhase section */
		D2A742FA2B6256B000D6F96F /* Resources */ = {
			isa = PBXResourcesBuildPhase;
			buildActionMask = 2147483647;
			files = (
				D29493DC2B8780E0006B123F /* Inter-VariableFont_slnt,wght.ttf in Resources */,
				D2A743072B6256B300D6F96F /* Preview Assets.xcassets in Resources */,
				D29493DF2B878E35006B123F /* Localizable.xcstrings in Resources */,
				D29493E22B879833006B123F /* Launch Screen.storyboard in Resources */,
				D2A743042B6256B300D6F96F /* Assets.xcassets in Resources */,
			);
			runOnlyForDeploymentPostprocessing = 0;
		};
/* End PBXResourcesBuildPhase section */

/* Begin PBXSourcesBuildPhase section */
		D2A742F82B6256B000D6F96F /* Sources */ = {
			isa = PBXSourcesBuildPhase;
			buildActionMask = 2147483647;
			files = (
				D22C0FD92B7A811900211D62 /* PriorityQueue.swift in Sources */,
				D29493D92B87550D006B123F /* RoomPicker.swift in Sources */,
				D2A743022B6256B000D6F96F /* ContentView.swift in Sources */,
				D2EDDFEB2B7E4A7700C7DBD4 /* Graph.swift in Sources */,
				D2EDDFF02B7E4AEA00C7DBD4 /* Node.swift in Sources */,
				D2EDDFF52B7E637800C7DBD4 /* PulsatingCircle.swift in Sources */,
				D22C0FD72B7A312800211D62 /* PathFinder.swift in Sources */,
				D2A743002B6256B000D6F96F /* roomfinderApp.swift in Sources */,
				D22E4B622B6BE1BC00262FCB /* Hallway.swift in Sources */,
				D2EDDFEE2B7E4AA400C7DBD4 /* CGPointExtensions.swift in Sources */,
				D2EDDFF22B7E4B0000C7DBD4 /* Edge.swift in Sources */,
				D2EDDFF72B7E659900C7DBD4 /* FHNWNavigationBar.swift in Sources */,
				D22E4B602B6BDE3300262FCB /* Room.swift in Sources */,
			);
			runOnlyForDeploymentPostprocessing = 0;
		};
/* End PBXSourcesBuildPhase section */

/* Begin XCBuildConfiguration section */
		D2A743082B6256B300D6F96F /* Debug */ = {
			isa = XCBuildConfiguration;
			buildSettings = {
				ALWAYS_SEARCH_USER_PATHS = NO;
				ASSETCATALOG_COMPILER_GENERATE_SWIFT_ASSET_SYMBOL_EXTENSIONS = YES;
				CLANG_ANALYZER_NONNULL = YES;
				CLANG_ANALYZER_NUMBER_OBJECT_CONVERSION = YES_AGGRESSIVE;
				CLANG_CXX_LANGUAGE_STANDARD = "gnu++20";
				CLANG_ENABLE_MODULES = YES;
				CLANG_ENABLE_OBJC_ARC = YES;
				CLANG_ENABLE_OBJC_WEAK = YES;
				CLANG_WARN_BLOCK_CAPTURE_AUTORELEASING = YES;
				CLANG_WARN_BOOL_CONVERSION = YES;
				CLANG_WARN_COMMA = YES;
				CLANG_WARN_CONSTANT_CONVERSION = YES;
				CLANG_WARN_DEPRECATED_OBJC_IMPLEMENTATIONS = YES;
				CLANG_WARN_DIRECT_OBJC_ISA_USAGE = YES_ERROR;
				CLANG_WARN_DOCUMENTATION_COMMENTS = YES;
				CLANG_WARN_EMPTY_BODY = YES;
				CLANG_WARN_ENUM_CONVERSION = YES;
				CLANG_WARN_INFINITE_RECURSION = YES;
				CLANG_WARN_INT_CONVERSION = YES;
				CLANG_WARN_NON_LITERAL_NULL_CONVERSION = YES;
				CLANG_WARN_OBJC_IMPLICIT_RETAIN_SELF = YES;
				CLANG_WARN_OBJC_LITERAL_CONVERSION = YES;
				CLANG_WARN_OBJC_ROOT_CLASS = YES_ERROR;
				CLANG_WARN_QUOTED_INCLUDE_IN_FRAMEWORK_HEADER = YES;
				CLANG_WARN_RANGE_LOOP_ANALYSIS = YES;
				CLANG_WARN_STRICT_PROTOTYPES = YES;
				CLANG_WARN_SUSPICIOUS_MOVE = YES;
				CLANG_WARN_UNGUARDED_AVAILABILITY = YES_AGGRESSIVE;
				CLANG_WARN_UNREACHABLE_CODE = YES;
				CLANG_WARN__DUPLICATE_METHOD_MATCH = YES;
				COPY_PHASE_STRIP = NO;
				DEBUG_INFORMATION_FORMAT = dwarf;
				ENABLE_STRICT_OBJC_MSGSEND = YES;
				ENABLE_TESTABILITY = YES;
				ENABLE_USER_SCRIPT_SANDBOXING = YES;
				GCC_C_LANGUAGE_STANDARD = gnu17;
				GCC_DYNAMIC_NO_PIC = NO;
				GCC_NO_COMMON_BLOCKS = YES;
				GCC_OPTIMIZATION_LEVEL = 0;
				GCC_PREPROCESSOR_DEFINITIONS = (
					"DEBUG=1",
					"$(inherited)",
				);
				GCC_WARN_64_TO_32_BIT_CONVERSION = YES;
				GCC_WARN_ABOUT_RETURN_TYPE = YES_ERROR;
				GCC_WARN_UNDECLARED_SELECTOR = YES;
				GCC_WARN_UNINITIALIZED_AUTOS = YES_AGGRESSIVE;
				GCC_WARN_UNUSED_FUNCTION = YES;
				GCC_WARN_UNUSED_VARIABLE = YES;
				IPHONEOS_DEPLOYMENT_TARGET = 17.2;
				LOCALIZATION_PREFERS_STRING_CATALOGS = YES;
				MTL_ENABLE_DEBUG_INFO = INCLUDE_SOURCE;
				MTL_FAST_MATH = YES;
				ONLY_ACTIVE_ARCH = YES;
				SDKROOT = iphoneos;
				SWIFT_ACTIVE_COMPILATION_CONDITIONS = "DEBUG $(inherited)";
				SWIFT_OPTIMIZATION_LEVEL = "-Onone";
			};
			name = Debug;
		};
		D2A743092B6256B300D6F96F /* Release */ = {
			isa = XCBuildConfiguration;
			buildSettings = {
				ALWAYS_SEARCH_USER_PATHS = NO;
				ASSETCATALOG_COMPILER_GENERATE_SWIFT_ASSET_SYMBOL_EXTENSIONS = YES;
				CLANG_ANALYZER_NONNULL = YES;
				CLANG_ANALYZER_NUMBER_OBJECT_CONVERSION = YES_AGGRESSIVE;
				CLANG_CXX_LANGUAGE_STANDARD = "gnu++20";
				CLANG_ENABLE_MODULES = YES;
				CLANG_ENABLE_OBJC_ARC = YES;
				CLANG_ENABLE_OBJC_WEAK = YES;
				CLANG_WARN_BLOCK_CAPTURE_AUTORELEASING = YES;
				CLANG_WARN_BOOL_CONVERSION = YES;
				CLANG_WARN_COMMA = YES;
				CLANG_WARN_CONSTANT_CONVERSION = YES;
				CLANG_WARN_DEPRECATED_OBJC_IMPLEMENTATIONS = YES;
				CLANG_WARN_DIRECT_OBJC_ISA_USAGE = YES_ERROR;
				CLANG_WARN_DOCUMENTATION_COMMENTS = YES;
				CLANG_WARN_EMPTY_BODY = YES;
				CLANG_WARN_ENUM_CONVERSION = YES;
				CLANG_WARN_INFINITE_RECURSION = YES;
				CLANG_WARN_INT_CONVERSION = YES;
				CLANG_WARN_NON_LITERAL_NULL_CONVERSION = YES;
				CLANG_WARN_OBJC_IMPLICIT_RETAIN_SELF = YES;
				CLANG_WARN_OBJC_LITERAL_CONVERSION = YES;
				CLANG_WARN_OBJC_ROOT_CLASS = YES_ERROR;
				CLANG_WARN_QUOTED_INCLUDE_IN_FRAMEWORK_HEADER = YES;
				CLANG_WARN_RANGE_LOOP_ANALYSIS = YES;
				CLANG_WARN_STRICT_PROTOTYPES = YES;
				CLANG_WARN_SUSPICIOUS_MOVE = YES;
				CLANG_WARN_UNGUARDED_AVAILABILITY = YES_AGGRESSIVE;
				CLANG_WARN_UNREACHABLE_CODE = YES;
				CLANG_WARN__DUPLICATE_METHOD_MATCH = YES;
				COPY_PHASE_STRIP = NO;
				DEBUG_INFORMATION_FORMAT = "dwarf-with-dsym";
				ENABLE_NS_ASSERTIONS = NO;
				ENABLE_STRICT_OBJC_MSGSEND = YES;
				ENABLE_USER_SCRIPT_SANDBOXING = YES;
				GCC_C_LANGUAGE_STANDARD = gnu17;
				GCC_NO_COMMON_BLOCKS = YES;
				GCC_WARN_64_TO_32_BIT_CONVERSION = YES;
				GCC_WARN_ABOUT_RETURN_TYPE = YES_ERROR;
				GCC_WARN_UNDECLARED_SELECTOR = YES;
				GCC_WARN_UNINITIALIZED_AUTOS = YES_AGGRESSIVE;
				GCC_WARN_UNUSED_FUNCTION = YES;
				GCC_WARN_UNUSED_VARIABLE = YES;
				IPHONEOS_DEPLOYMENT_TARGET = 17.2;
				LOCALIZATION_PREFERS_STRING_CATALOGS = YES;
				MTL_ENABLE_DEBUG_INFO = NO;
				MTL_FAST_MATH = YES;
				SDKROOT = iphoneos;
				SWIFT_COMPILATION_MODE = wholemodule;
				VALIDATE_PRODUCT = YES;
			};
			name = Release;
		};
		D2A7430B2B6256B300D6F96F /* Debug */ = {
			isa = XCBuildConfiguration;
			buildSettings = {
				ASSETCATALOG_COMPILER_APPICON_NAME = AppIcon;
				ASSETCATALOG_COMPILER_GLOBAL_ACCENT_COLOR_NAME = AccentColor;
				CODE_SIGN_STYLE = Automatic;
				CURRENT_PROJECT_VERSION = 1;
				DEVELOPMENT_ASSET_PATHS = "\"roomfinder/Preview Content\"";
				DEVELOPMENT_TEAM = YZDMFR532J;
				ENABLE_PREVIEWS = YES;
				GENERATE_INFOPLIST_FILE = YES;
				INFOPLIST_FILE = roomfinder/Info.plist;
				INFOPLIST_KEY_UIApplicationSceneManifest_Generation = YES;
				INFOPLIST_KEY_UIApplicationSupportsIndirectInputEvents = YES;
				INFOPLIST_KEY_UISupportedInterfaceOrientations = UIInterfaceOrientationPortrait;
				INFOPLIST_KEY_UISupportedInterfaceOrientations_iPad = "UIInterfaceOrientationPortrait UIInterfaceOrientationPortraitUpsideDown";
				IPHONEOS_DEPLOYMENT_TARGET = 16.6;
				LD_RUNPATH_SEARCH_PATHS = (
					"$(inherited)",
					"@executable_path/Frameworks",
				);
				MARKETING_VERSION = 1.0;
				PRODUCT_BUNDLE_IDENTIFIER = ch.fhnw.roomfinder;
				PRODUCT_NAME = "$(TARGET_NAME)";
				SUPPORTED_PLATFORMS = "iphoneos iphonesimulator";
				SUPPORTS_MACCATALYST = NO;
				SUPPORTS_MAC_DESIGNED_FOR_IPHONE_IPAD = NO;
				SUPPORTS_XR_DESIGNED_FOR_IPHONE_IPAD = NO;
				SWIFT_EMIT_LOC_STRINGS = YES;
				SWIFT_VERSION = 5.0;
				TARGETED_DEVICE_FAMILY = "1,2";
			};
			name = Debug;
		};
		D2A7430C2B6256B300D6F96F /* Release */ = {
			isa = XCBuildConfiguration;
			buildSettings = {
				ASSETCATALOG_COMPILER_APPICON_NAME = AppIcon;
				ASSETCATALOG_COMPILER_GLOBAL_ACCENT_COLOR_NAME = AccentColor;
				CODE_SIGN_STYLE = Automatic;
				CURRENT_PROJECT_VERSION = 1;
				DEVELOPMENT_ASSET_PATHS = "\"roomfinder/Preview Content\"";
				DEVELOPMENT_TEAM = YZDMFR532J;
				ENABLE_PREVIEWS = YES;
				GENERATE_INFOPLIST_FILE = YES;
				INFOPLIST_FILE = roomfinder/Info.plist;
				INFOPLIST_KEY_UIApplicationSceneManifest_Generation = YES;
				INFOPLIST_KEY_UIApplicationSupportsIndirectInputEvents = YES;
				INFOPLIST_KEY_UISupportedInterfaceOrientations = UIInterfaceOrientationPortrait;
				INFOPLIST_KEY_UISupportedInterfaceOrientations_iPad = "UIInterfaceOrientationPortrait UIInterfaceOrientationPortraitUpsideDown";
				IPHONEOS_DEPLOYMENT_TARGET = 16.6;
				LD_RUNPATH_SEARCH_PATHS = (
					"$(inherited)",
					"@executable_path/Frameworks",
				);
				MARKETING_VERSION = 1.0;
				PRODUCT_BUNDLE_IDENTIFIER = ch.fhnw.roomfinder;
				PRODUCT_NAME = "$(TARGET_NAME)";
				SUPPORTED_PLATFORMS = "iphoneos iphonesimulator";
				SUPPORTS_MACCATALYST = NO;
				SUPPORTS_MAC_DESIGNED_FOR_IPHONE_IPAD = NO;
				SUPPORTS_XR_DESIGNED_FOR_IPHONE_IPAD = NO;
				SWIFT_EMIT_LOC_STRINGS = YES;
				SWIFT_VERSION = 5.0;
				TARGETED_DEVICE_FAMILY = "1,2";
			};
			name = Release;
		};
/* End XCBuildConfiguration section */

/* Begin XCConfigurationList section */
		D2A742F72B6256B000D6F96F /* Build configuration list for PBXProject "roomfinder" */ = {
			isa = XCConfigurationList;
			buildConfigurations = (
				D2A743082B6256B300D6F96F /* Debug */,
				D2A743092B6256B300D6F96F /* Release */,
			);
			defaultConfigurationIsVisible = 0;
			defaultConfigurationName = Release;
		};
		D2A7430A2B6256B300D6F96F /* Build configuration list for PBXNativeTarget "roomfinder" */ = {
			isa = XCConfigurationList;
			buildConfigurations = (
				D2A7430B2B6256B300D6F96F /* Debug */,
				D2A7430C2B6256B300D6F96F /* Release */,
			);
			defaultConfigurationIsVisible = 0;
			defaultConfigurationName = Release;
		};
/* End XCConfigurationList section */
	};
	rootObject = D2A742F42B6256B000D6F96F /* Project object */;
}
